
Microsoft Visual Studio Solution File, Format Version 12.00
# Visual Studio 15
VisualStudioVersion = 15.0.28307.1145
MinimumVisualStudioVersion = 10.0.40219.1
Project("{FAE04EC0-301F-11D3-BF4B-00C04F79EFBC}") = "certamen completo", "certamen completo\certamen completo.csproj", "{E6B5F532-8715-489C-B92F-91DF29C43C42}"
EndProject
Global
	GlobalSection(SolutionConfigurationPlatforms) = preSolution
		Debug|Any CPU = Debug|Any CPU
		Release|Any CPU = Release|Any CPU
	EndGlobalSection
	GlobalSection(ProjectConfigurationPlatforms) = postSolution
		{E6B5F532-8715-489C-B92F-91DF29C43C42}.Debug|Any CPU.ActiveCfg = Debug|Any CPU
		{E6B5F532-8715-489C-B92F-91DF29C43C42}.Debug|Any CPU.Build.0 = Debug|Any CPU
		{E6B5F532-8715-489C-B92F-91DF29C43C42}.Release|Any CPU.ActiveCfg = Release|Any CPU
		{E6B5F532-8715-489C-B92F-91DF29C43C42}.Release|Any CPU.Build.0 = Release|Any CPU
	EndGlobalSection
	GlobalSection(SolutionProperties) = preSolution
		HideSolutionNode = FALSE
	EndGlobalSection
	GlobalSection(ExtensibilityGlobals) = postSolution
		SolutionGuid = {45B2C7B9-16CC-4031-9B02-23330DE2074A}
	EndGlobalSection
EndGlobal
